
Microsoft Visual Studio Solution File, Format Version 12.00
# Visual Studio 15
VisualStudioVersion = 15.0.26730.12
MinimumVisualStudioVersion = 10.0.40219.1
Project("{FAE04EC0-301F-11D3-BF4B-00C04F79EFBC}") = "Enkelt21", "Enkelt21\Enkelt21.csproj", "{DC132CF5-ED18-487C-9AAE-4089A087DAF7}"
EndProject
Global
	GlobalSection(SolutionConfigurationPlatforms) = preSolution
		Debug|Any CPU = Debug|Any CPU
		Release|Any CPU = Release|Any CPU
	EndGlobalSection
	GlobalSection(ProjectConfigurationPlatforms) = postSolution
		{DC132CF5-ED18-487C-9AAE-4089A087DAF7}.Debug|Any CPU.ActiveCfg = Debug|Any CPU
		{DC132CF5-ED18-487C-9AAE-4089A087DAF7}.Debug|Any CPU.Build.0 = Debug|Any CPU
		{DC132CF5-ED18-487C-9AAE-4089A087DAF7}.Release|Any CPU.ActiveCfg = Release|Any CPU
		{DC132CF5-ED18-487C-9AAE-4089A087DAF7}.Release|Any CPU.Build.0 = Release|Any CPU
	EndGlobalSection
	GlobalSection(SolutionProperties) = preSolution
		HideSolutionNode = FALSE
	EndGlobalSection
	GlobalSection(ExtensibilityGlobals) = postSolution
		SolutionGuid = {B5CF1E17-8683-4830-975E-401DA1F48847}
	EndGlobalSection
EndGlobal
